
Microsoft Visual Studio Solution File, Format Version 12.00
# Visual Studio 15
VisualStudioVersion = 15.0.27004.2009
MinimumVisualStudioVersion = 10.0.40219.1
Project("{FAE04EC0-301F-11D3-BF4B-00C04F79EFBC}") = "LenuManager", "LenuManager\LenuManager.csproj", "{C76BE73A-6377-4EB6-9132-4E9D895E3CC6}"
EndProject
Project("{FAE04EC0-301F-11D3-BF4B-00C04F79EFBC}") = "LenuManager.Core", "LenuManager.Core\LenuManager.Core.csproj", "{5E24E724-FAE7-4EF4-BD04-826D9088D2FB}"
EndProject
Project("{9A19103F-16F7-4668-BE54-9A1E7A4F7556}") = "Oocx.Acme", "..\acme.net\src\Oocx.Acme\Oocx.Acme.csproj", "{8BE95207-6C5E-4893-831F-BFC6C6122A3D}"
EndProject
Global
	GlobalSection(SolutionConfigurationPlatforms) = preSolution
		Debug|Any CPU = Debug|Any CPU
		Release|Any CPU = Release|Any CPU
	EndGlobalSection
	GlobalSection(ProjectConfigurationPlatforms) = postSolution
		{C76BE73A-6377-4EB6-9132-4E9D895E3CC6}.Debug|Any CPU.ActiveCfg = Debug|Any CPU
		{C76BE73A-6377-4EB6-9132-4E9D895E3CC6}.Debug|Any CPU.Build.0 = Debug|Any CPU
		{C76BE73A-6377-4EB6-9132-4E9D895E3CC6}.Release|Any CPU.ActiveCfg = Release|Any CPU
		{C76BE73A-6377-4EB6-9132-4E9D895E3CC6}.Release|Any CPU.Build.0 = Release|Any CPU
		{5E24E724-FAE7-4EF4-BD04-826D9088D2FB}.Debug|Any CPU.ActiveCfg = Debug|Any CPU
		{5E24E724-FAE7-4EF4-BD04-826D9088D2FB}.Debug|Any CPU.Build.0 = Debug|Any CPU
		{5E24E724-FAE7-4EF4-BD04-826D9088D2FB}.Release|Any CPU.ActiveCfg = Release|Any CPU
		{5E24E724-FAE7-4EF4-BD04-826D9088D2FB}.Release|Any CPU.Build.0 = Release|Any CPU
		{8BE95207-6C5E-4893-831F-BFC6C6122A3D}.Debug|Any CPU.ActiveCfg = Debug|Any CPU
		{8BE95207-6C5E-4893-831F-BFC6C6122A3D}.Debug|Any CPU.Build.0 = Debug|Any CPU
		{8BE95207-6C5E-4893-831F-BFC6C6122A3D}.Release|Any CPU.ActiveCfg = Release|Any CPU
		{8BE95207-6C5E-4893-831F-BFC6C6122A3D}.Release|Any CPU.Build.0 = Release|Any CPU
	EndGlobalSection
	GlobalSection(SolutionProperties) = preSolution
		HideSolutionNode = FALSE
	EndGlobalSection
	GlobalSection(ExtensibilityGlobals) = postSolution
		SolutionGuid = {E73CFE42-7B08-4739-88E1-BB22F2E9F7E1}
	EndGlobalSection
EndGlobal
